
Microsoft Visual Studio Solution File, Format Version 12.00
# Visual Studio 2013
VisualStudioVersion = 12.0.31101.0
MinimumVisualStudioVersion = 10.0.40219.1
Project("{FAE04EC0-301F-11D3-BF4B-00C04F79EFBC}") = "POC.Modal", "POC.Modal\POC.Modal\POC.Modal.csproj", "{010AAE93-0B88-4C66-BB46-2611DCBFE218}"
EndProject
Project("{FAE04EC0-301F-11D3-BF4B-00C04F79EFBC}") = "POC.Modal.iOS", "POC.Modal\POC.Modal.iOS\POC.Modal.iOS.csproj", "{7BB8D841-B29D-4A00-A6D9-362677CA7AA4}"
EndProject
Project("{FAE04EC0-301F-11D3-BF4B-00C04F79EFBC}") = "POC.Modal.Droid", "POC.Modal\POC.Modal.Droid\POC.Modal.Droid.csproj", "{47938B45-E8A8-4DCF-8293-B8723A67E7D0}"
EndProject
Project("{FAE04EC0-301F-11D3-BF4B-00C04F79EFBC}") = "POC.Modal.WinPhone", "POC.Modal\POC.Modal.WinPhone\POC.Modal.WinPhone.csproj", "{07F1DF0D-38BF-45D4-8CC2-467DC51EBB37}"
EndProject
Global
	GlobalSection(SolutionConfigurationPlatforms) = preSolution
		Ad-Hoc|Any CPU = Ad-Hoc|Any CPU
		Ad-Hoc|ARM = Ad-Hoc|ARM
		Ad-Hoc|iPhone = Ad-Hoc|iPhone
		Ad-Hoc|iPhoneSimulator = Ad-Hoc|iPhoneSimulator
		Ad-Hoc|Mixed Platforms = Ad-Hoc|Mixed Platforms
		Ad-Hoc|x86 = Ad-Hoc|x86
		AppStore|Any CPU = AppStore|Any CPU
		AppStore|ARM = AppStore|ARM
		AppStore|iPhone = AppStore|iPhone
		AppStore|iPhoneSimulator = AppStore|iPhoneSimulator
		AppStore|Mixed Platforms = AppStore|Mixed Platforms
		AppStore|x86 = AppStore|x86
		Debug|Any CPU = Debug|Any CPU
		Debug|ARM = Debug|ARM
		Debug|iPhone = Debug|iPhone
		Debug|iPhoneSimulator = Debug|iPhoneSimulator
		Debug|Mixed Platforms = Debug|Mixed Platforms
		Debug|x86 = Debug|x86
		Release|Any CPU = Release|Any CPU
		Release|ARM = Release|ARM
		Release|iPhone = Release|iPhone
		Release|iPhoneSimulator = Release|iPhoneSimulator
		Release|Mixed Platforms = Release|Mixed Platforms
		Release|x86 = Release|x86
	EndGlobalSection
	GlobalSection(ProjectConfigurationPlatforms) = postSolution
		{010AAE93-0B88-4C66-BB46-2611DCBFE218}.Ad-Hoc|Any CPU.ActiveCfg = Release|Any CPU
		{010AAE93-0B88-4C66-BB46-2611DCBFE218}.Ad-Hoc|Any CPU.Build.0 = Release|Any CPU
		{010AAE93-0B88-4C66-BB46-2611DCBFE218}.Ad-Hoc|ARM.ActiveCfg = Release|Any CPU
		{010AAE93-0B88-4C66-BB46-2611DCBFE218}.Ad-Hoc|iPhone.ActiveCfg = Release|Any CPU
		{010AAE93-0B88-4C66-BB46-2611DCBFE218}.Ad-Hoc|iPhoneSimulator.ActiveCfg = Release|Any CPU
		{010AAE93-0B88-4C66-BB46-2611DCBFE218}.Ad-Hoc|Mixed Platforms.ActiveCfg = Release|Any CPU
		{010AAE93-0B88-4C66-BB46-2611DCBFE218}.Ad-Hoc|Mixed Platforms.Build.0 = Release|Any CPU
		{010AAE93-0B88-4C66-BB46-2611DCBFE218}.Ad-Hoc|x86.ActiveCfg = Release|Any CPU
		{010AAE93-0B88-4C66-BB46-2611DCBFE218}.AppStore|Any CPU.ActiveCfg = Release|Any CPU
		{010AAE93-0B88-4C66-BB46-2611DCBFE218}.AppStore|Any CPU.Build.0 = Release|Any CPU
		{010AAE93-0B88-4C66-BB46-2611DCBFE218}.AppStore|ARM.ActiveCfg = Release|Any CPU
		{010AAE93-0B88-4C66-BB46-2611DCBFE218}.AppStore|iPhone.ActiveCfg = Release|Any CPU
		{010AAE93-0B88-4C66-BB46-2611DCBFE218}.AppStore|iPhoneSimulator.ActiveCfg = Release|Any CPU
		{010AAE93-0B88-4C66-BB46-2611DCBFE218}.AppStore|Mixed Platforms.ActiveCfg = Release|Any CPU
		{010AAE93-0B88-4C66-BB46-2611DCBFE218}.AppStore|Mixed Platforms.Build.0 = Release|Any CPU
		{010AAE93-0B88-4C66-BB46-2611DCBFE218}.AppStore|x86.ActiveCfg = Release|Any CPU
		{010AAE93-0B88-4C66-BB46-2611DCBFE218}.Debug|Any CPU.ActiveCfg = Debug|Any CPU
		{010AAE93-0B88-4C66-BB46-2611DCBFE218}.Debug|Any CPU.Build.0 = Debug|Any CPU
		{010AAE93-0B88-4C66-BB46-2611DCBFE218}.Debug|ARM.ActiveCfg = Debug|Any CPU
		{010AAE93-0B88-4C66-BB46-2611DCBFE218}.Debug|iPhone.ActiveCfg = Debug|Any CPU
		{010AAE93-0B88-4C66-BB46-2611DCBFE218}.Debug|iPhoneSimulator.ActiveCfg = Debug|Any CPU
		{010AAE93-0B88-4C66-BB46-2611DCBFE218}.Debug|Mixed Platforms.ActiveCfg = Debug|Any CPU
		{010AAE93-0B88-4C66-BB46-2611DCBFE218}.Debug|Mixed Platforms.Build.0 = Debug|Any CPU
		{010AAE93-0B88-4C66-BB46-2611DCBFE218}.Debug|x86.ActiveCfg = Debug|Any CPU
		{010AAE93-0B88-4C66-BB46-2611DCBFE218}.Release|Any CPU.ActiveCfg = Release|Any CPU
		{010AAE93-0B88-4C66-BB46-2611DCBFE218}.Release|Any CPU.Build.0 = Release|Any CPU
		{010AAE93-0B88-4C66-BB46-2611DCBFE218}.Release|ARM.ActiveCfg = Release|Any CPU
		{010AAE93-0B88-4C66-BB46-2611DCBFE218}.Release|iPhone.ActiveCfg = Release|Any CPU
		{010AAE93-0B88-4C66-BB46-2611DCBFE218}.Release|iPhoneSimulator.ActiveCfg = Release|Any CPU
		{010AAE93-0B88-4C66-BB46-2611DCBFE218}.Release|Mixed Platforms.ActiveCfg = Release|Any CPU
		{010AAE93-0B88-4C66-BB46-2611DCBFE218}.Release|Mixed Platforms.Build.0 = Release|Any CPU
		{010AAE93-0B88-4C66-BB46-2611DCBFE218}.Release|x86.ActiveCfg = Release|Any CPU
		{7BB8D841-B29D-4A00-A6D9-362677CA7AA4}.Ad-Hoc|Any CPU.ActiveCfg = Ad-Hoc|iPhone
		{7BB8D841-B29D-4A00-A6D9-362677CA7AA4}.Ad-Hoc|ARM.ActiveCfg = Ad-Hoc|iPhone
		{7BB8D841-B29D-4A00-A6D9-362677CA7AA4}.Ad-Hoc|iPhone.ActiveCfg = Ad-Hoc|iPhone
		{7BB8D841-B29D-4A00-A6D9-362677CA7AA4}.Ad-Hoc|iPhone.Build.0 = Ad-Hoc|iPhone
		{7BB8D841-B29D-4A00-A6D9-362677CA7AA4}.Ad-Hoc|iPhoneSimulator.ActiveCfg = Ad-Hoc|iPhoneSimulator
		{7BB8D841-B29D-4A00-A6D9-362677CA7AA4}.Ad-Hoc|iPhoneSimulator.Build.0 = Ad-Hoc|iPhoneSimulator
		{7BB8D841-B29D-4A00-A6D9-362677CA7AA4}.Ad-Hoc|Mixed Platforms.ActiveCfg = Ad-Hoc|iPhone
		{7BB8D841-B29D-4A00-A6D9-362677CA7AA4}.Ad-Hoc|Mixed Platforms.Build.0 = Ad-Hoc|iPhone
		{7BB8D841-B29D-4A00-A6D9-362677CA7AA4}.Ad-Hoc|x86.ActiveCfg = Ad-Hoc|iPhone
		{7BB8D841-B29D-4A00-A6D9-362677CA7AA4}.AppStore|Any CPU.ActiveCfg = AppStore|iPhone
		{7BB8D841-B29D-4A00-A6D9-362677CA7AA4}.AppStore|ARM.ActiveCfg = AppStore|iPhone
		{7BB8D841-B29D-4A00-A6D9-362677CA7AA4}.AppStore|iPhone.ActiveCfg = AppStore|iPhone
		{7BB8D841-B29D-4A00-A6D9-362677CA7AA4}.AppStore|iPhone.Build.0 = AppStore|iPhone
		{7BB8D841-B29D-4A00-A6D9-362677CA7AA4}.AppStore|iPhoneSimulator.ActiveCfg = AppStore|iPhoneSimulator
		{7BB8D841-B29D-4A00-A6D9-362677CA7AA4}.AppStore|iPhoneSimulator.Build.0 = AppStore|iPhoneSimulator
		{7BB8D841-B29D-4A00-A6D9-362677CA7AA4}.AppStore|Mixed Platforms.ActiveCfg = AppStore|iPhone
		{7BB8D841-B29D-4A00-A6D9-362677CA7AA4}.AppStore|Mixed Platforms.Build.0 = AppStore|iPhone
		{7BB8D841-B29D-4A00-A6D9-362677CA7AA4}.AppStore|x86.ActiveCfg = AppStore|iPhone
		{7BB8D841-B29D-4A00-A6D9-362677CA7AA4}.Debug|Any CPU.ActiveCfg = Debug|iPhone
		{7BB8D841-B29D-4A00-A6D9-362677CA7AA4}.Debug|ARM.ActiveCfg = Debug|iPhone
		{7BB8D841-B29D-4A00-A6D9-362677CA7AA4}.Debug|iPhone.ActiveCfg = Debug|iPhone
		{7BB8D841-B29D-4A00-A6D9-362677CA7AA4}.Debug|iPhone.Build.0 = Debug|iPhone
		{7BB8D841-B29D-4A00-A6D9-362677CA7AA4}.Debug|iPhoneSimulator.ActiveCfg = Debug|iPhoneSimulator
		{7BB8D841-B29D-4A00-A6D9-362677CA7AA4}.Debug|iPhoneSimulator.Build.0 = Debug|iPhoneSimulator
		{7BB8D841-B29D-4A00-A6D9-362677CA7AA4}.Debug|Mixed Platforms.ActiveCfg = Debug|iPhone
		{7BB8D841-B29D-4A00-A6D9-362677CA7AA4}.Debug|Mixed Platforms.Build.0 = Debug|iPhone
		{7BB8D841-B29D-4A00-A6D9-362677CA7AA4}.Debug|x86.ActiveCfg = Debug|iPhone
		{7BB8D841-B29D-4A00-A6D9-362677CA7AA4}.Release|Any CPU.ActiveCfg = Release|iPhone
		{7BB8D841-B29D-4A00-A6D9-362677CA7AA4}.Release|ARM.ActiveCfg = Release|iPhone
		{7BB8D841-B29D-4A00-A6D9-362677CA7AA4}.Release|iPhone.ActiveCfg = Release|iPhone
		{7BB8D841-B29D-4A00-A6D9-362677CA7AA4}.Release|iPhone.Build.0 = Release|iPhone
		{7BB8D841-B29D-4A00-A6D9-362677CA7AA4}.Release|iPhoneSimulator.ActiveCfg = Release|iPhoneSimulator
		{7BB8D841-B29D-4A00-A6D9-362677CA7AA4}.Release|iPhoneSimulator.Build.0 = Release|iPhoneSimulator
		{7BB8D841-B29D-4A00-A6D9-362677CA7AA4}.Release|Mixed Platforms.ActiveCfg = Release|iPhone
		{7BB8D841-B29D-4A00-A6D9-362677CA7AA4}.Release|Mixed Platforms.Build.0 = Release|iPhone
		{7BB8D841-B29D-4A00-A6D9-362677CA7AA4}.Release|x86.ActiveCfg = Release|iPhone
		{47938B45-E8A8-4DCF-8293-B8723A67E7D0}.Ad-Hoc|Any CPU.ActiveCfg = Release|Any CPU
		{47938B45-E8A8-4DCF-8293-B8723A67E7D0}.Ad-Hoc|Any CPU.Build.0 = Release|Any CPU
		{47938B45-E8A8-4DCF-8293-B8723A67E7D0}.Ad-Hoc|Any CPU.Deploy.0 = Release|Any CPU
		{47938B45-E8A8-4DCF-8293-B8723A67E7D0}.Ad-Hoc|ARM.ActiveCfg = Release|Any CPU
		{47938B45-E8A8-4DCF-8293-B8723A67E7D0}.Ad-Hoc|iPhone.ActiveCfg = Release|Any CPU
		{47938B45-E8A8-4DCF-8293-B8723A67E7D0}.Ad-Hoc|iPhoneSimulator.ActiveCfg = Release|Any CPU
		{47938B45-E8A8-4DCF-8293-B8723A67E7D0}.Ad-Hoc|Mixed Platforms.ActiveCfg = Release|Any CPU
		{47938B45-E8A8-4DCF-8293-B8723A67E7D0}.Ad-Hoc|Mixed Platforms.Build.0 = Release|Any CPU
		{47938B45-E8A8-4DCF-8293-B8723A67E7D0}.Ad-Hoc|Mixed Platforms.Deploy.0 = Release|Any CPU
		{47938B45-E8A8-4DCF-8293-B8723A67E7D0}.Ad-Hoc|x86.ActiveCfg = Release|Any CPU
		{47938B45-E8A8-4DCF-8293-B8723A67E7D0}.AppStore|Any CPU.ActiveCfg = Release|Any CPU
		{47938B45-E8A8-4DCF-8293-B8723A67E7D0}.AppStore|Any CPU.Build.0 = Release|Any CPU
		{47938B45-E8A8-4DCF-8293-B8723A67E7D0}.AppStore|Any CPU.Deploy.0 = Release|Any CPU
		{47938B45-E8A8-4DCF-8293-B8723A67E7D0}.AppStore|ARM.ActiveCfg = Release|Any CPU
		{47938B45-E8A8-4DCF-8293-B8723A67E7D0}.AppStore|iPhone.ActiveCfg = Release|Any CPU
		{47938B45-E8A8-4DCF-8293-B8723A67E7D0}.AppStore|iPhoneSimulator.ActiveCfg = Release|Any CPU
		{47938B45-E8A8-4DCF-8293-B8723A67E7D0}.AppStore|Mixed Platforms.ActiveCfg = Release|Any CPU
		{47938B45-E8A8-4DCF-8293-B8723A67E7D0}.AppStore|Mixed Platforms.Build.0 = Release|Any CPU
		{47938B45-E8A8-4DCF-8293-B8723A67E7D0}.AppStore|Mixed Platforms.Deploy.0 = Release|Any CPU
		{47938B45-E8A8-4DCF-8293-B8723A67E7D0}.AppStore|x86.ActiveCfg = Release|Any CPU
		{47938B45-E8A8-4DCF-8293-B8723A67E7D0}.Debug|Any CPU.ActiveCfg = Debug|Any CPU
		{47938B45-E8A8-4DCF-8293-B8723A67E7D0}.Debug|Any CPU.Build.0 = Debug|Any CPU
		{47938B45-E8A8-4DCF-8293-B8723A67E7D0}.Debug|Any CPU.Deploy.0 = Debug|Any CPU
		{47938B45-E8A8-4DCF-8293-B8723A67E7D0}.Debug|ARM.ActiveCfg = Debug|Any CPU
		{47938B45-E8A8-4DCF-8293-B8723A67E7D0}.Debug|iPhone.ActiveCfg = Debug|Any CPU
		{47938B45-E8A8-4DCF-8293-B8723A67E7D0}.Debug|iPhoneSimulator.ActiveCfg = Debug|Any CPU
		{47938B45-E8A8-4DCF-8293-B8723A67E7D0}.Debug|Mixed Platforms.ActiveCfg = Debug|Any CPU
		{47938B45-E8A8-4DCF-8293-B8723A67E7D0}.Debug|Mixed Platforms.Build.0 = Debug|Any CPU
		{47938B45-E8A8-4DCF-8293-B8723A67E7D0}.Debug|Mixed Platforms.Deploy.0 = Debug|Any CPU
		{47938B45-E8A8-4DCF-8293-B8723A67E7D0}.Debug|x86.ActiveCfg = Debug|Any CPU
		{47938B45-E8A8-4DCF-8293-B8723A67E7D0}.Release|Any CPU.ActiveCfg = Release|Any CPU
		{47938B45-E8A8-4DCF-8293-B8723A67E7D0}.Release|Any CPU.Build.0 = Release|Any CPU
		{47938B45-E8A8-4DCF-8293-B8723A67E7D0}.Release|Any CPU.Deploy.0 = Release|Any CPU
		{47938B45-E8A8-4DCF-8293-B8723A67E7D0}.Release|ARM.ActiveCfg = Release|Any CPU
		{47938B45-E8A8-4DCF-8293-B8723A67E7D0}.Release|iPhone.ActiveCfg = Release|Any CPU
		{47938B45-E8A8-4DCF-8293-B8723A67E7D0}.Release|iPhoneSimulator.ActiveCfg = Release|Any CPU
		{47938B45-E8A8-4DCF-8293-B8723A67E7D0}.Release|Mixed Platforms.ActiveCfg = Release|Any CPU
		{47938B45-E8A8-4DCF-8293-B8723A67E7D0}.Release|Mixed Platforms.Build.0 = Release|Any CPU
		{47938B45-E8A8-4DCF-8293-B8723A67E7D0}.Release|Mixed Platforms.Deploy.0 = Release|Any CPU
		{47938B45-E8A8-4DCF-8293-B8723A67E7D0}.Release|x86.ActiveCfg = Release|Any CPU
		{07F1DF0D-38BF-45D4-8CC2-467DC51EBB37}.Ad-Hoc|Any CPU.ActiveCfg = Release|Any CPU
		{07F1DF0D-38BF-45D4-8CC2-467DC51EBB37}.Ad-Hoc|Any CPU.Build.0 = Release|Any CPU
		{07F1DF0D-38BF-45D4-8CC2-467DC51EBB37}.Ad-Hoc|Any CPU.Deploy.0 = Release|Any CPU
		{07F1DF0D-38BF-45D4-8CC2-467DC51EBB37}.Ad-Hoc|ARM.ActiveCfg = Release|ARM
		{07F1DF0D-38BF-45D4-8CC2-467DC51EBB37}.Ad-Hoc|ARM.Build.0 = Release|ARM
		{07F1DF0D-38BF-45D4-8CC2-467DC51EBB37}.Ad-Hoc|ARM.Deploy.0 = Release|ARM
		{07F1DF0D-38BF-45D4-8CC2-467DC51EBB37}.Ad-Hoc|iPhone.ActiveCfg = Release|Any CPU
		{07F1DF0D-38BF-45D4-8CC2-467DC51EBB37}.Ad-Hoc|iPhoneSimulator.ActiveCfg = Release|Any CPU
		{07F1DF0D-38BF-45D4-8CC2-467DC51EBB37}.Ad-Hoc|Mixed Platforms.ActiveCfg = Release|x86
		{07F1DF0D-38BF-45D4-8CC2-467DC51EBB37}.Ad-Hoc|Mixed Platforms.Build.0 = Release|x86
		{07F1DF0D-38BF-45D4-8CC2-467DC51EBB37}.Ad-Hoc|Mixed Platforms.Deploy.0 = Release|x86
		{07F1DF0D-38BF-45D4-8CC2-467DC51EBB37}.Ad-Hoc|x86.ActiveCfg = Release|x86
		{07F1DF0D-38BF-45D4-8CC2-467DC51EBB37}.Ad-Hoc|x86.Build.0 = Release|x86
		{07F1DF0D-38BF-45D4-8CC2-467DC51EBB37}.Ad-Hoc|x86.Deploy.0 = Release|x86
		{07F1DF0D-38BF-45D4-8CC2-467DC51EBB37}.AppStore|Any CPU.ActiveCfg = Release|Any CPU
		{07F1DF0D-38BF-45D4-8CC2-467DC51EBB37}.AppStore|Any CPU.Build.0 = Release|Any CPU
		{07F1DF0D-38BF-45D4-8CC2-467DC51EBB37}.AppStore|Any CPU.Deploy.0 = Release|Any CPU
		{07F1DF0D-38BF-45D4-8CC2-467DC51EBB37}.AppStore|ARM.ActiveCfg = Release|ARM
		{07F1DF0D-38BF-45D4-8CC2-467DC51EBB37}.AppStore|ARM.Build.0 = Release|ARM
		{07F1DF0D-38BF-45D4-8CC2-467DC51EBB37}.AppStore|ARM.Deploy.0 = Release|ARM
		{07F1DF0D-38BF-45D4-8CC2-467DC51EBB37}.AppStore|iPhone.ActiveCfg = Release|Any CPU
		{07F1DF0D-38BF-45D4-8CC2-467DC51EBB37}.AppStore|iPhoneSimulator.ActiveCfg = Release|Any CPU
		{07F1DF0D-38BF-45D4-8CC2-467DC51EBB37}.AppStore|Mixed Platforms.ActiveCfg = Release|x86
		{07F1DF0D-38BF-45D4-8CC2-467DC51EBB37}.AppStore|Mixed Platforms.Build.0 = Release|x86
		{07F1DF0D-38BF-45D4-8CC2-467DC51EBB37}.AppStore|Mixed Platforms.Deploy.0 = Release|x86
		{07F1DF0D-38BF-45D4-8CC2-467DC51EBB37}.AppStore|x86.ActiveCfg = Release|x86
		{07F1DF0D-38BF-45D4-8CC2-467DC51EBB37}.AppStore|x86.Build.0 = Release|x86
		{07F1DF0D-38BF-45D4-8CC2-467DC51EBB37}.AppStore|x86.Deploy.0 = Release|x86
		{07F1DF0D-38BF-45D4-8CC2-467DC51EBB37}.Debug|Any CPU.ActiveCfg = Debug|Any CPU
		{07F1DF0D-38BF-45D4-8CC2-467DC51EBB37}.Debug|Any CPU.Build.0 = Debug|Any CPU
		{07F1DF0D-38BF-45D4-8CC2-467DC51EBB37}.Debug|Any CPU.Deploy.0 = Debug|Any CPU
		{07F1DF0D-38BF-45D4-8CC2-467DC51EBB37}.Debug|ARM.ActiveCfg = Debug|ARM
		{07F1DF0D-38BF-45D4-8CC2-467DC51EBB37}.Debug|ARM.Build.0 = Debug|ARM
		{07F1DF0D-38BF-45D4-8CC2-467DC51EBB37}.Debug|ARM.Deploy.0 = Debug|ARM
		{07F1DF0D-38BF-45D4-8CC2-467DC51EBB37}.Debug|iPhone.ActiveCfg = Debug|Any CPU
		{07F1DF0D-38BF-45D4-8CC2-467DC51EBB37}.Debug|iPhoneSimulator.ActiveCfg = Debug|Any CPU
		{07F1DF0D-38BF-45D4-8CC2-467DC51EBB37}.Debug|Mixed Platforms.ActiveCfg = Debug|x86
		{07F1DF0D-38BF-45D4-8CC2-467DC51EBB37}.Debug|Mixed Platforms.Build.0 = Debug|x86
		{07F1DF0D-38BF-45D4-8CC2-467DC51EBB37}.Debug|Mixed Platforms.Deploy.0 = Debug|x86
		{07F1DF0D-38BF-45D4-8CC2-467DC51EBB37}.Debug|x86.ActiveCfg = Debug|x86
		{07F1DF0D-38BF-45D4-8CC2-467DC51EBB37}.Debug|x86.Build.0 = Debug|x86
		{07F1DF0D-38BF-45D4-8CC2-467DC51EBB37}.Debug|x86.Deploy.0 = Debug|x86
		{07F1DF0D-38BF-45D4-8CC2-467DC51EBB37}.Release|Any CPU.ActiveCfg = Release|Any CPU
		{07F1DF0D-38BF-45D4-8CC2-467DC51EBB37}.Release|Any CPU.Build.0 = Release|Any CPU
		{07F1DF0D-38BF-45D4-8CC2-467DC51EBB37}.Release|Any CPU.Deploy.0 = Release|Any CPU
		{07F1DF0D-38BF-45D4-8CC2-467DC51EBB37}.Release|ARM.ActiveCfg = Release|ARM
		{07F1DF0D-38BF-45D4-8CC2-467DC51EBB37}.Release|ARM.Build.0 = Release|ARM
		{07F1DF0D-38BF-45D4-8CC2-467DC51EBB37}.Release|ARM.Deploy.0 = Release|ARM
		{07F1DF0D-38BF-45D4-8CC2-467DC51EBB37}.Release|iPhone.ActiveCfg = Release|Any CPU
		{07F1DF0D-38BF-45D4-8CC2-467DC51EBB37}.Release|iPhoneSimulator.ActiveCfg = Release|Any CPU
		{07F1DF0D-38BF-45D4-8CC2-467DC51EBB37}.Release|Mixed Platforms.ActiveCfg = Release|x86
		{07F1DF0D-38BF-45D4-8CC2-467DC51EBB37}.Release|Mixed Platforms.Build.0 = Release|x86
		{07F1DF0D-38BF-45D4-8CC2-467DC51EBB37}.Release|Mixed Platforms.Deploy.0 = Release|x86
		{07F1DF0D-38BF-45D4-8CC2-467DC51EBB37}.Release|x86.ActiveCfg = Release|x86
		{07F1DF0D-38BF-45D4-8CC2-467DC51EBB37}.Release|x86.Build.0 = Release|x86
		{07F1DF0D-38BF-45D4-8CC2-467DC51EBB37}.Release|x86.Deploy.0 = Release|x86
	EndGlobalSection
	GlobalSection(SolutionProperties) = preSolution
		HideSolutionNode = FALSE
	EndGlobalSection
EndGlobal
